
Microsoft Visual Studio Solution File, Format Version 12.00
Project("{FAE04EC0-301F-11D3-BF4B-00C04F79EFBC}") = "BeatSaverScraper", "BeatSaverScraper\BeatSaverScraper.csproj", "{7B38964B-9F08-4062-B396-895C6852CD54}"
EndProject
Project("{FAE04EC0-301F-11D3-BF4B-00C04F79EFBC}") = "Scraper", "Scraper\Scraper.csproj", "{2B516B92-646C-49BC-B296-DEF0CD86CD52}"
EndProject
Project("{FAE04EC0-301F-11D3-BF4B-00C04F79EFBC}") = "MapConverter", "MapConverter\MapConverter.csproj", "{F8392FE6-DF68-40A5-8372-E03B36E07D51}"
EndProject
Project("{FAE04EC0-301F-11D3-BF4B-00C04F79EFBC}") = "Backend API", "Backend API\Backend API.csproj", "{5FEBB329-FDF2-427C-AED5-9DB2D902BCD5}"
EndProject
Project("{FAE04EC0-301F-11D3-BF4B-00C04F79EFBC}") = "Persistence", "Persistence\Persistence.csproj", "{F2262C66-3930-4EA5-89EF-65A060625303}"
EndProject
Global
	GlobalSection(SolutionConfigurationPlatforms) = preSolution
		Debug|Any CPU = Debug|Any CPU
		Release|Any CPU = Release|Any CPU
	EndGlobalSection
	GlobalSection(ProjectConfigurationPlatforms) = postSolution
		{7B38964B-9F08-4062-B396-895C6852CD54}.Debug|Any CPU.ActiveCfg = Debug|Any CPU
		{7B38964B-9F08-4062-B396-895C6852CD54}.Debug|Any CPU.Build.0 = Debug|Any CPU
		{7B38964B-9F08-4062-B396-895C6852CD54}.Release|Any CPU.ActiveCfg = Release|Any CPU
		{7B38964B-9F08-4062-B396-895C6852CD54}.Release|Any CPU.Build.0 = Release|Any CPU
		{2B516B92-646C-49BC-B296-DEF0CD86CD52}.Debug|Any CPU.ActiveCfg = Debug|Any CPU
		{2B516B92-646C-49BC-B296-DEF0CD86CD52}.Debug|Any CPU.Build.0 = Debug|Any CPU
		{2B516B92-646C-49BC-B296-DEF0CD86CD52}.Release|Any CPU.ActiveCfg = Release|Any CPU
		{2B516B92-646C-49BC-B296-DEF0CD86CD52}.Release|Any CPU.Build.0 = Release|Any CPU
		{F8392FE6-DF68-40A5-8372-E03B36E07D51}.Debug|Any CPU.ActiveCfg = Debug|Any CPU
		{F8392FE6-DF68-40A5-8372-E03B36E07D51}.Debug|Any CPU.Build.0 = Debug|Any CPU
		{F8392FE6-DF68-40A5-8372-E03B36E07D51}.Release|Any CPU.ActiveCfg = Release|Any CPU
		{F8392FE6-DF68-40A5-8372-E03B36E07D51}.Release|Any CPU.Build.0 = Release|Any CPU
		{5FEBB329-FDF2-427C-AED5-9DB2D902BCD5}.Debug|Any CPU.ActiveCfg = Debug|Any CPU
		{5FEBB329-FDF2-427C-AED5-9DB2D902BCD5}.Debug|Any CPU.Build.0 = Debug|Any CPU
		{5FEBB329-FDF2-427C-AED5-9DB2D902BCD5}.Release|Any CPU.ActiveCfg = Release|Any CPU
		{5FEBB329-FDF2-427C-AED5-9DB2D902BCD5}.Release|Any CPU.Build.0 = Release|Any CPU
		{F2262C66-3930-4EA5-89EF-65A060625303}.Debug|Any CPU.ActiveCfg = Debug|Any CPU
		{F2262C66-3930-4EA5-89EF-65A060625303}.Debug|Any CPU.Build.0 = Debug|Any CPU
		{F2262C66-3930-4EA5-89EF-65A060625303}.Release|Any CPU.ActiveCfg = Release|Any CPU
		{F2262C66-3930-4EA5-89EF-65A060625303}.Release|Any CPU.Build.0 = Release|Any CPU
	EndGlobalSection
EndGlobal
